
Microsoft Visual Studio Solution File, Format Version 12.00
# Visual Studio Version 17
VisualStudioVersion = 17.10.34928.147
MinimumVisualStudioVersion = 10.0.40219.1
Project("{FAE04EC0-301F-11D3-BF4B-00C04F79EFBC}") = "QuizFormApp", "QuizFormApp.csproj", "{8D7FFE21-129D-4368-8F92-3E41642B09D4}"
EndProject
Global
	GlobalSection(SolutionConfigurationPlatforms) = preSolution
		Debug|Any CPU = Debug|Any CPU
		Release|Any CPU = Release|Any CPU
	EndGlobalSection
	GlobalSection(ProjectConfigurationPlatforms) = postSolution
		{8D7FFE21-129D-4368-8F92-3E41642B09D4}.Debug|Any CPU.ActiveCfg = Debug|Any CPU
		{8D7FFE21-129D-4368-8F92-3E41642B09D4}.Debug|Any CPU.Build.0 = Debug|Any CPU
		{8D7FFE21-129D-4368-8F92-3E41642B09D4}.Release|Any CPU.ActiveCfg = Release|Any CPU
		{8D7FFE21-129D-4368-8F92-3E41642B09D4}.Release|Any CPU.Build.0 = Release|Any CPU
	EndGlobalSection
	GlobalSection(SolutionProperties) = preSolution
		HideSolutionNode = FALSE
	EndGlobalSection
	GlobalSection(ExtensibilityGlobals) = postSolution
		SolutionGuid = {AAC20603-F172-49AC-A846-F635792718AB}
	EndGlobalSection
EndGlobal
